// !$*UTF8*$!
{
	archiveVersion = 1;
	classes = {
	};
	objectVersion = 56;
	objects = {

/* Begin PBXBuildFile section */
		B018EC162C3BEF590080009C /* AppDelegate.swift in Sources */ = {isa = PBXBuildFile; fileRef = B018EC152C3BEF590080009C /* AppDelegate.swift */; };
		B018EC182C3BEF590080009C /* SceneDelegate.swift in Sources */ = {isa = PBXBuildFile; fileRef = B018EC172C3BEF590080009C /* SceneDelegate.swift */; };
		B018EC1A2C3BEF590080009C /* LogInViewController.swift in Sources */ = {isa = PBXBuildFile; fileRef = B018EC192C3BEF590080009C /* LogInViewController.swift */; };
		B018EC1F2C3BEF5B0080009C /* Assets.xcassets in Resources */ = {isa = PBXBuildFile; fileRef = B018EC1E2C3BEF5B0080009C /* Assets.xcassets */; };
		B018EC222C3BEF5B0080009C /* LaunchScreen.storyboard in Resources */ = {isa = PBXBuildFile; fileRef = B018EC202C3BEF5B0080009C /* LaunchScreen.storyboard */; };
		B018EC2F2C3C03BD0080009C /* Constants.swift in Sources */ = {isa = PBXBuildFile; fileRef = B018EC2E2C3C03BD0080009C /* Constants.swift */; };
		B018EC312C3C04D40080009C /* SpotifyiOS.framework in Frameworks */ = {isa = PBXBuildFile; fileRef = B018EC302C3C04D40080009C /* SpotifyiOS.framework */; };
		B018EC342C3D6B0E0080009C /* LogInViewModel.swift in Sources */ = {isa = PBXBuildFile; fileRef = B018EC332C3D6B0E0080009C /* LogInViewModel.swift */; };
		B018EC372C3D702F0080009C /* Observable.swift in Sources */ = {isa = PBXBuildFile; fileRef = B018EC362C3D702F0080009C /* Observable.swift */; };
		B018EC3A2C3D717C0080009C /* NetworkManager.swift in Sources */ = {isa = PBXBuildFile; fileRef = B018EC392C3D717C0080009C /* NetworkManager.swift */; };
		B018EC3E2C3E89C20080009C /* MainViewModel.swift in Sources */ = {isa = PBXBuildFile; fileRef = B018EC3D2C3E89C20080009C /* MainViewModel.swift */; };
		B04850352C3EB6FD00C6F899 /* MainViewController.swift in Sources */ = {isa = PBXBuildFile; fileRef = B04850342C3EB6FD00C6F899 /* MainViewController.swift */; };
		B04850382C3ED94E00C6F899 /* RecommendationCell.swift in Sources */ = {isa = PBXBuildFile; fileRef = B04850372C3ED94E00C6F899 /* RecommendationCell.swift */; };
		B048503E2C3F015600C6F899 /* SectionCell.swift in Sources */ = {isa = PBXBuildFile; fileRef = B048503D2C3F015600C6F899 /* SectionCell.swift */; };
		B0D53C5C2C41557400E377A3 /* MusicBarController.swift in Sources */ = {isa = PBXBuildFile; fileRef = B0D53C5B2C41557400E377A3 /* MusicBarController.swift */; };
/* End PBXBuildFile section */

/* Begin PBXFileReference section */
		B018EC122C3BEF590080009C /* musicPlayerApp.app */ = {isa = PBXFileReference; explicitFileType = wrapper.application; includeInIndex = 0; path = musicPlayerApp.app; sourceTree = BUILT_PRODUCTS_DIR; };
		B018EC152C3BEF590080009C /* AppDelegate.swift */ = {isa = PBXFileReference; lastKnownFileType = sourcecode.swift; path = AppDelegate.swift; sourceTree = "<group>"; };
		B018EC172C3BEF590080009C /* SceneDelegate.swift */ = {isa = PBXFileReference; lastKnownFileType = sourcecode.swift; path = SceneDelegate.swift; sourceTree = "<group>"; };
		B018EC192C3BEF590080009C /* LogInViewController.swift */ = {isa = PBXFileReference; lastKnownFileType = sourcecode.swift; path = LogInViewController.swift; sourceTree = "<group>"; };
		B018EC1E2C3BEF5B0080009C /* Assets.xcassets */ = {isa = PBXFileReference; lastKnownFileType = folder.assetcatalog; path = Assets.xcassets; sourceTree = "<group>"; };
		B018EC212C3BEF5B0080009C /* Base */ = {isa = PBXFileReference; lastKnownFileType = file.storyboard; name = Base; path = Base.lproj/LaunchScreen.storyboard; sourceTree = "<group>"; };
		B018EC232C3BEF5B0080009C /* Info.plist */ = {isa = PBXFileReference; lastKnownFileType = text.plist.xml; path = Info.plist; sourceTree = "<group>"; };
		B018EC2B2C3C00B60080009C /* musicPlayerApp-Bridging-Header.h */ = {isa = PBXFileReference; lastKnownFileType = sourcecode.c.h; path = "musicPlayerApp-Bridging-Header.h"; sourceTree = "<group>"; };
		B018EC2E2C3C03BD0080009C /* Constants.swift */ = {isa = PBXFileReference; lastKnownFileType = sourcecode.swift; path = Constants.swift; sourceTree = "<group>"; };
		B018EC302C3C04D40080009C /* SpotifyiOS.framework */ = {isa = PBXFileReference; lastKnownFileType = wrapper.framework; path = SpotifyiOS.framework; sourceTree = "<group>"; };
		B018EC332C3D6B0E0080009C /* LogInViewModel.swift */ = {isa = PBXFileReference; lastKnownFileType = sourcecode.swift; path = LogInViewModel.swift; sourceTree = "<group>"; };
		B018EC362C3D702F0080009C /* Observable.swift */ = {isa = PBXFileReference; lastKnownFileType = sourcecode.swift; path = Observable.swift; sourceTree = "<group>"; };
		B018EC392C3D717C0080009C /* NetworkManager.swift */ = {isa = PBXFileReference; lastKnownFileType = sourcecode.swift; path = NetworkManager.swift; sourceTree = "<group>"; };
		B018EC3D2C3E89C20080009C /* MainViewModel.swift */ = {isa = PBXFileReference; lastKnownFileType = sourcecode.swift; path = MainViewModel.swift; sourceTree = "<group>"; };
		B04850342C3EB6FD00C6F899 /* MainViewController.swift */ = {isa = PBXFileReference; lastKnownFileType = sourcecode.swift; path = MainViewController.swift; sourceTree = "<group>"; };
		B04850372C3ED94E00C6F899 /* RecommendationCell.swift */ = {isa = PBXFileReference; lastKnownFileType = sourcecode.swift; path = RecommendationCell.swift; sourceTree = "<group>"; };
		B048503D2C3F015600C6F899 /* SectionCell.swift */ = {isa = PBXFileReference; lastKnownFileType = sourcecode.swift; path = SectionCell.swift; sourceTree = "<group>"; };
		B0D53C5B2C41557400E377A3 /* MusicBarController.swift */ = {isa = PBXFileReference; lastKnownFileType = sourcecode.swift; path = MusicBarController.swift; sourceTree = "<group>"; };
/* End PBXFileReference section */

/* Begin PBXFrameworksBuildPhase section */
		B018EC0F2C3BEF590080009C /* Frameworks */ = {
			isa = PBXFrameworksBuildPhase;
			buildActionMask = 2147483647;
			files = (
				B018EC312C3C04D40080009C /* SpotifyiOS.framework in Frameworks */,
			);
			runOnlyForDeploymentPostprocessing = 0;
		};
/* End PBXFrameworksBuildPhase section */

/* Begin PBXGroup section */
		B018EC092C3BEF590080009C = {
			isa = PBXGroup;
			children = (
				B018EC142C3BEF590080009C /* musicPlayerApp */,
				B018EC2B2C3C00B60080009C /* musicPlayerApp-Bridging-Header.h */,
				B018EC302C3C04D40080009C /* SpotifyiOS.framework */,
				B018EC132C3BEF590080009C /* Products */,
			);
			sourceTree = "<group>";
		};
		B018EC132C3BEF590080009C /* Products */ = {
			isa = PBXGroup;
			children = (
				B018EC122C3BEF590080009C /* musicPlayerApp.app */,
			);
			name = Products;
			sourceTree = "<group>";
		};
		B018EC142C3BEF590080009C /* musicPlayerApp */ = {
			isa = PBXGroup;
			children = (
				B018EC172C3BEF590080009C /* SceneDelegate.swift */,
				B018EC2E2C3C03BD0080009C /* Constants.swift */,
				B018EC362C3D702F0080009C /* Observable.swift */,
				B04850362C3ED92600C6F899 /* View */,
				B018EC382C3D703A0080009C /* ViewContoller */,
				B018EC352C3D6C6A0080009C /* Network */,
				B018EC322C3D6AE00080009C /* ViewModel */,
				B018EC292C3BF05E0080009C /* Utils */,
			);
			path = musicPlayerApp;
			sourceTree = "<group>";
		};
		B018EC292C3BF05E0080009C /* Utils */ = {
			isa = PBXGroup;
			children = (
				B018EC152C3BEF590080009C /* AppDelegate.swift */,
				B018EC1E2C3BEF5B0080009C /* Assets.xcassets */,
				B018EC202C3BEF5B0080009C /* LaunchScreen.storyboard */,
				B018EC232C3BEF5B0080009C /* Info.plist */,
			);
			path = Utils;
			sourceTree = "<group>";
		};
		B018EC322C3D6AE00080009C /* ViewModel */ = {
			isa = PBXGroup;
			children = (
				B018EC332C3D6B0E0080009C /* LogInViewModel.swift */,
				B018EC3D2C3E89C20080009C /* MainViewModel.swift */,
			);
			path = ViewModel;
			sourceTree = "<group>";
		};
		B018EC352C3D6C6A0080009C /* Network */ = {
			isa = PBXGroup;
			children = (
				B018EC392C3D717C0080009C /* NetworkManager.swift */,
			);
			path = Network;
			sourceTree = "<group>";
		};
		B018EC382C3D703A0080009C /* ViewContoller */ = {
			isa = PBXGroup;
			children = (
				B018EC192C3BEF590080009C /* LogInViewController.swift */,
				B04850342C3EB6FD00C6F899 /* MainViewController.swift */,
				B0D53C5B2C41557400E377A3 /* MusicBarController.swift */,
			);
			path = ViewContoller;
			sourceTree = "<group>";
		};
		B04850362C3ED92600C6F899 /* View */ = {
			isa = PBXGroup;
			children = (
				B04850372C3ED94E00C6F899 /* RecommendationCell.swift */,
				B048503D2C3F015600C6F899 /* SectionCell.swift */,
			);
			path = View;
			sourceTree = "<group>";
		};
/* End PBXGroup section */

/* Begin PBXNativeTarget section */
		B018EC112C3BEF590080009C /* musicPlayerApp */ = {
			isa = PBXNativeTarget;
			buildConfigurationList = B018EC262C3BEF5B0080009C /* Build configuration list for PBXNativeTarget "musicPlayerApp" */;
			buildPhases = (
				B018EC0E2C3BEF590080009C /* Sources */,
				B018EC0F2C3BEF590080009C /* Frameworks */,
				B018EC102C3BEF590080009C /* Resources */,
			);
			buildRules = (
			);
			dependencies = (
			);
			name = musicPlayerApp;
			productName = musicPlayerApp;
			productReference = B018EC122C3BEF590080009C /* musicPlayerApp.app */;
			productType = "com.apple.product-type.application";
		};
/* End PBXNativeTarget section */

/* Begin PBXProject section */
		B018EC0A2C3BEF590080009C /* Project object */ = {
			isa = PBXProject;
			attributes = {
				BuildIndependentTargetsInParallel = 1;
				LastSwiftUpdateCheck = 1520;
				LastUpgradeCheck = 1520;
				TargetAttributes = {
					B018EC112C3BEF590080009C = {
						CreatedOnToolsVersion = 15.2;
						LastSwiftMigration = 1520;
					};
				};
			};
			buildConfigurationList = B018EC0D2C3BEF590080009C /* Build configuration list for PBXProject "musicPlayerApp" */;
			compatibilityVersion = "Xcode 14.0";
			developmentRegion = en;
			hasScannedForEncodings = 0;
			knownRegions = (
				en,
				Base,
			);
			mainGroup = B018EC092C3BEF590080009C;
			productRefGroup = B018EC132C3BEF590080009C /* Products */;
			projectDirPath = "";
			projectRoot = "";
			targets = (
				B018EC112C3BEF590080009C /* musicPlayerApp */,
			);
		};
/* End PBXProject section */

/* Begin PBXResourcesBuildPhase section */
		B018EC102C3BEF590080009C /* Resources */ = {
			isa = PBXResourcesBuildPhase;
			buildActionMask = 2147483647;
			files = (
				B018EC222C3BEF5B0080009C /* LaunchScreen.storyboard in Resources */,
				B018EC1F2C3BEF5B0080009C /* Assets.xcassets in Resources */,
			);
			runOnlyForDeploymentPostprocessing = 0;
		};
/* End PBXResourcesBuildPhase section */

/* Begin PBXSourcesBuildPhase section */
		B018EC0E2C3BEF590080009C /* Sources */ = {
			isa = PBXSourcesBuildPhase;
			buildActionMask = 2147483647;
			files = (
				B018EC1A2C3BEF590080009C /* LogInViewController.swift in Sources */,
				B018EC162C3BEF590080009C /* AppDelegate.swift in Sources */,
				B048503E2C3F015600C6F899 /* SectionCell.swift in Sources */,
				B018EC182C3BEF590080009C /* SceneDelegate.swift in Sources */,
				B018EC3A2C3D717C0080009C /* NetworkManager.swift in Sources */,
				B018EC342C3D6B0E0080009C /* LogInViewModel.swift in Sources */,
				B018EC372C3D702F0080009C /* Observable.swift in Sources */,
				B04850352C3EB6FD00C6F899 /* MainViewController.swift in Sources */,
				B018EC2F2C3C03BD0080009C /* Constants.swift in Sources */,
				B0D53C5C2C41557400E377A3 /* MusicBarController.swift in Sources */,
				B04850382C3ED94E00C6F899 /* RecommendationCell.swift in Sources */,
				B018EC3E2C3E89C20080009C /* MainViewModel.swift in Sources */,
			);
			runOnlyForDeploymentPostprocessing = 0;
		};
/* End PBXSourcesBuildPhase section */

/* Begin PBXVariantGroup section */
		B018EC202C3BEF5B0080009C /* LaunchScreen.storyboard */ = {
			isa = PBXVariantGroup;
			children = (
				B018EC212C3BEF5B0080009C /* Base */,
			);
			name = LaunchScreen.storyboard;
			sourceTree = "<group>";
		};
/* End PBXVariantGroup section */

/* Begin XCBuildConfiguration section */
		B018EC242C3BEF5B0080009C /* Debug */ = {
			isa = XCBuildConfiguration;
			buildSettings = {
				ALWAYS_SEARCH_USER_PATHS = NO;
				ASSETCATALOG_COMPILER_GENERATE_SWIFT_ASSET_SYMBOL_EXTENSIONS = YES;
				CLANG_ANALYZER_NONNULL = YES;
				CLANG_ANALYZER_NUMBER_OBJECT_CONVERSION = YES_AGGRESSIVE;
				CLANG_CXX_LANGUAGE_STANDARD = "gnu++20";
				CLANG_ENABLE_MODULES = YES;
				CLANG_ENABLE_OBJC_ARC = YES;
				CLANG_ENABLE_OBJC_WEAK = YES;
				CLANG_WARN_BLOCK_CAPTURE_AUTORELEASING = YES;
				CLANG_WARN_BOOL_CONVERSION = YES;
				CLANG_WARN_COMMA = YES;
				CLANG_WARN_CONSTANT_CONVERSION = YES;
				CLANG_WARN_DEPRECATED_OBJC_IMPLEMENTATIONS = YES;
				CLANG_WARN_DIRECT_OBJC_ISA_USAGE = YES_ERROR;
				CLANG_WARN_DOCUMENTATION_COMMENTS = YES;
				CLANG_WARN_EMPTY_BODY = YES;
				CLANG_WARN_ENUM_CONVERSION = YES;
				CLANG_WARN_INFINITE_RECURSION = YES;
				CLANG_WARN_INT_CONVERSION = YES;
				CLANG_WARN_NON_LITERAL_NULL_CONVERSION = YES;
				CLANG_WARN_OBJC_IMPLICIT_RETAIN_SELF = YES;
				CLANG_WARN_OBJC_LITERAL_CONVERSION = YES;
				CLANG_WARN_OBJC_ROOT_CLASS = YES_ERROR;
				CLANG_WARN_QUOTED_INCLUDE_IN_FRAMEWORK_HEADER = YES;
				CLANG_WARN_RANGE_LOOP_ANALYSIS = YES;
				CLANG_WARN_STRICT_PROTOTYPES = YES;
				CLANG_WARN_SUSPICIOUS_MOVE = YES;
				CLANG_WARN_UNGUARDED_AVAILABILITY = YES_AGGRESSIVE;
				CLANG_WARN_UNREACHABLE_CODE = YES;
				CLANG_WARN__DUPLICATE_METHOD_MATCH = YES;
				COPY_PHASE_STRIP = NO;
				DEBUG_INFORMATION_FORMAT = dwarf;
				ENABLE_STRICT_OBJC_MSGSEND = YES;
				ENABLE_TESTABILITY = YES;
				ENABLE_USER_SCRIPT_SANDBOXING = YES;
				GCC_C_LANGUAGE_STANDARD = gnu17;
				GCC_DYNAMIC_NO_PIC = NO;
				GCC_NO_COMMON_BLOCKS = YES;
				GCC_OPTIMIZATION_LEVEL = 0;
				GCC_PREPROCESSOR_DEFINITIONS = (
					"DEBUG=1",
					"$(inherited)",
				);
				GCC_WARN_64_TO_32_BIT_CONVERSION = YES;
				GCC_WARN_ABOUT_RETURN_TYPE = YES_ERROR;
				GCC_WARN_UNDECLARED_SELECTOR = YES;
				GCC_WARN_UNINITIALIZED_AUTOS = YES_AGGRESSIVE;
				GCC_WARN_UNUSED_FUNCTION = YES;
				GCC_WARN_UNUSED_VARIABLE = YES;
				IPHONEOS_DEPLOYMENT_TARGET = 17.2;
				LOCALIZATION_PREFERS_STRING_CATALOGS = YES;
				MTL_ENABLE_DEBUG_INFO = INCLUDE_SOURCE;
				MTL_FAST_MATH = YES;
				ONLY_ACTIVE_ARCH = YES;
				SDKROOT = iphoneos;
				SWIFT_ACTIVE_COMPILATION_CONDITIONS = "DEBUG $(inherited)";
				SWIFT_OPTIMIZATION_LEVEL = "-Onone";
			};
			name = Debug;
		};
		B018EC252C3BEF5B0080009C /* Release */ = {
			isa = XCBuildConfiguration;
			buildSettings = {
				ALWAYS_SEARCH_USER_PATHS = NO;
				ASSETCATALOG_COMPILER_GENERATE_SWIFT_ASSET_SYMBOL_EXTENSIONS = YES;
				CLANG_ANALYZER_NONNULL = YES;
				CLANG_ANALYZER_NUMBER_OBJECT_CONVERSION = YES_AGGRESSIVE;
				CLANG_CXX_LANGUAGE_STANDARD = "gnu++20";
				CLANG_ENABLE_MODULES = YES;
				CLANG_ENABLE_OBJC_ARC = YES;
				CLANG_ENABLE_OBJC_WEAK = YES;
				CLANG_WARN_BLOCK_CAPTURE_AUTORELEASING = YES;
				CLANG_WARN_BOOL_CONVERSION = YES;
				CLANG_WARN_COMMA = YES;
				CLANG_WARN_CONSTANT_CONVERSION = YES;
				CLANG_WARN_DEPRECATED_OBJC_IMPLEMENTATIONS = YES;
				CLANG_WARN_DIRECT_OBJC_ISA_USAGE = YES_ERROR;
				CLANG_WARN_DOCUMENTATION_COMMENTS = YES;
				CLANG_WARN_EMPTY_BODY = YES;
				CLANG_WARN_ENUM_CONVERSION = YES;
				CLANG_WARN_INFINITE_RECURSION = YES;
				CLANG_WARN_INT_CONVERSION = YES;
				CLANG_WARN_NON_LITERAL_NULL_CONVERSION = YES;
				CLANG_WARN_OBJC_IMPLICIT_RETAIN_SELF = YES;
				CLANG_WARN_OBJC_LITERAL_CONVERSION = YES;
				CLANG_WARN_OBJC_ROOT_CLASS = YES_ERROR;
				CLANG_WARN_QUOTED_INCLUDE_IN_FRAMEWORK_HEADER = YES;
				CLANG_WARN_RANGE_LOOP_ANALYSIS = YES;
				CLANG_WARN_STRICT_PROTOTYPES = YES;
				CLANG_WARN_SUSPICIOUS_MOVE = YES;
				CLANG_WARN_UNGUARDED_AVAILABILITY = YES_AGGRESSIVE;
				CLANG_WARN_UNREACHABLE_CODE = YES;
				CLANG_WARN__DUPLICATE_METHOD_MATCH = YES;
				COPY_PHASE_STRIP = NO;
				DEBUG_INFORMATION_FORMAT = "dwarf-with-dsym";
				ENABLE_NS_ASSERTIONS = NO;
				ENABLE_STRICT_OBJC_MSGSEND = YES;
				ENABLE_USER_SCRIPT_SANDBOXING = YES;
				GCC_C_LANGUAGE_STANDARD = gnu17;
				GCC_NO_COMMON_BLOCKS = YES;
				GCC_WARN_64_TO_32_BIT_CONVERSION = YES;
				GCC_WARN_ABOUT_RETURN_TYPE = YES_ERROR;
				GCC_WARN_UNDECLARED_SELECTOR = YES;
				GCC_WARN_UNINITIALIZED_AUTOS = YES_AGGRESSIVE;
				GCC_WARN_UNUSED_FUNCTION = YES;
				GCC_WARN_UNUSED_VARIABLE = YES;
				IPHONEOS_DEPLOYMENT_TARGET = 17.2;
				LOCALIZATION_PREFERS_STRING_CATALOGS = YES;
				MTL_ENABLE_DEBUG_INFO = NO;
				MTL_FAST_MATH = YES;
				SDKROOT = iphoneos;
				SWIFT_COMPILATION_MODE = wholemodule;
				VALIDATE_PRODUCT = YES;
			};
			name = Release;
		};
		B018EC272C3BEF5B0080009C /* Debug */ = {
			isa = XCBuildConfiguration;
			buildSettings = {
				ASSETCATALOG_COMPILER_APPICON_NAME = AppIcon;
				ASSETCATALOG_COMPILER_GLOBAL_ACCENT_COLOR_NAME = AccentColor;
				CLANG_ENABLE_MODULES = YES;
				CODE_SIGN_STYLE = Automatic;
				CURRENT_PROJECT_VERSION = 1;
				DEVELOPMENT_TEAM = 6HVH2XY748;
				FRAMEWORK_SEARCH_PATHS = (
					"$(inherited)",
					"$(PROJECT_DIR)",
				);
				GENERATE_INFOPLIST_FILE = YES;
				INFOPLIST_FILE = musicPlayerApp/Utils/Info.plist;
				INFOPLIST_KEY_UIApplicationSupportsIndirectInputEvents = YES;
				INFOPLIST_KEY_UILaunchStoryboardName = LaunchScreen;
				INFOPLIST_KEY_UISupportedInterfaceOrientations_iPad = "UIInterfaceOrientationPortrait UIInterfaceOrientationPortraitUpsideDown UIInterfaceOrientationLandscapeLeft UIInterfaceOrientationLandscapeRight";
				INFOPLIST_KEY_UISupportedInterfaceOrientations_iPhone = "UIInterfaceOrientationPortrait UIInterfaceOrientationLandscapeLeft UIInterfaceOrientationLandscapeRight";
				IPHONEOS_DEPLOYMENT_TARGET = 15.0;
				LD_RUNPATH_SEARCH_PATHS = (
					"$(inherited)",
					"@executable_path/Frameworks",
				);
				MARKETING_VERSION = 1.0;
				OTHER_LDFLAGS = "-ObjC";
				PRODUCT_BUNDLE_IDENTIFIER = Kabulov.musicPlayerApp;
				PRODUCT_NAME = "$(TARGET_NAME)";
				SWIFT_EMIT_LOC_STRINGS = YES;
				SWIFT_OBJC_BRIDGING_HEADER = "musicPlayerApp-Bridging-Header.h";
				SWIFT_OPTIMIZATION_LEVEL = "-Onone";
				SWIFT_VERSION = 5.0;
				TARGETED_DEVICE_FAMILY = "1,2";
			};
			name = Debug;
		};
		B018EC282C3BEF5B0080009C /* Release */ = {
			isa = XCBuildConfiguration;
			buildSettings = {
				ASSETCATALOG_COMPILER_APPICON_NAME = AppIcon;
				ASSETCATALOG_COMPILER_GLOBAL_ACCENT_COLOR_NAME = AccentColor;
				CLANG_ENABLE_MODULES = YES;
				CODE_SIGN_STYLE = Automatic;
				CURRENT_PROJECT_VERSION = 1;
				DEVELOPMENT_TEAM = 6HVH2XY748;
				FRAMEWORK_SEARCH_PATHS = (
					"$(inherited)",
					"$(PROJECT_DIR)",
				);
				GENERATE_INFOPLIST_FILE = YES;
				INFOPLIST_FILE = musicPlayerApp/Utils/Info.plist;
				INFOPLIST_KEY_UIApplicationSupportsIndirectInputEvents = YES;
				INFOPLIST_KEY_UILaunchStoryboardName = LaunchScreen;
				INFOPLIST_KEY_UISupportedInterfaceOrientations_iPad = "UIInterfaceOrientationPortrait UIInterfaceOrientationPortraitUpsideDown UIInterfaceOrientationLandscapeLeft UIInterfaceOrientationLandscapeRight";
				INFOPLIST_KEY_UISupportedInterfaceOrientations_iPhone = "UIInterfaceOrientationPortrait UIInterfaceOrientationLandscapeLeft UIInterfaceOrientationLandscapeRight";
				IPHONEOS_DEPLOYMENT_TARGET = 15.0;
				LD_RUNPATH_SEARCH_PATHS = (
					"$(inherited)",
					"@executable_path/Frameworks",
				);
				MARKETING_VERSION = 1.0;
				OTHER_LDFLAGS = "-ObjC";
				PRODUCT_BUNDLE_IDENTIFIER = Kabulov.musicPlayerApp;
				PRODUCT_NAME = "$(TARGET_NAME)";
				SWIFT_EMIT_LOC_STRINGS = YES;
				SWIFT_OBJC_BRIDGING_HEADER = "musicPlayerApp-Bridging-Header.h";
				SWIFT_VERSION = 5.0;
				TARGETED_DEVICE_FAMILY = "1,2";
			};
			name = Release;
		};
/* End XCBuildConfiguration section */

/* Begin XCConfigurationList section */
		B018EC0D2C3BEF590080009C /* Build configuration list for PBXProject "musicPlayerApp" */ = {
			isa = XCConfigurationList;
			buildConfigurations = (
				B018EC242C3BEF5B0080009C /* Debug */,
				B018EC252C3BEF5B0080009C /* Release */,
			);
			defaultConfigurationIsVisible = 0;
			defaultConfigurationName = Release;
		};
		B018EC262C3BEF5B0080009C /* Build configuration list for PBXNativeTarget "musicPlayerApp" */ = {
			isa = XCConfigurationList;
			buildConfigurations = (
				B018EC272C3BEF5B0080009C /* Debug */,
				B018EC282C3BEF5B0080009C /* Release */,
			);
			defaultConfigurationIsVisible = 0;
			defaultConfigurationName = Release;
		};
/* End XCConfigurationList section */
	};
	rootObject = B018EC0A2C3BEF590080009C /* Project object */;
}
